// !$*UTF8*$!
{
	archiveVersion = 1;
	classes = {
	};
	objectVersion = 56;
	objects = {

/* Begin PBXBuildFile section */
		97F3992B28C4DCE30044B25D /* RecipeApp.swift in Sources */ = {isa = PBXBuildFile; fileRef = 97F3992A28C4DCE30044B25D /* RecipeApp.swift */; };
		97F3992D28C4DCE30044B25D /* ContentView.swift in Sources */ = {isa = PBXBuildFile; fileRef = 97F3992C28C4DCE30044B25D /* ContentView.swift */; };
		97F3992F28C4DCE60044B25D /* Assets.xcassets in Resources */ = {isa = PBXBuildFile; fileRef = 97F3992E28C4DCE60044B25D /* Assets.xcassets */; };
		97F3993228C4DCE60044B25D /* Preview Assets.xcassets in Resources */ = {isa = PBXBuildFile; fileRef = 97F3993128C4DCE60044B25D /* Preview Assets.xcassets */; };
		97F3993C28C4DCE60044B25D /* RecipeTests.swift in Sources */ = {isa = PBXBuildFile; fileRef = 97F3993B28C4DCE60044B25D /* RecipeTests.swift */; };
		97F3994628C4DCE60044B25D /* RecipeUITests.swift in Sources */ = {isa = PBXBuildFile; fileRef = 97F3994528C4DCE60044B25D /* RecipeUITests.swift */; };
		97F3994828C4DCE60044B25D /* RecipeUITestsLaunchTests.swift in Sources */ = {isa = PBXBuildFile; fileRef = 97F3994728C4DCE60044B25D /* RecipeUITestsLaunchTests.swift */; };
		97F3995528C4E12F0044B25D /* Recipe_ingredient.swift in Sources */ = {isa = PBXBuildFile; fileRef = 97F3995428C4E12E0044B25D /* Recipe_ingredient.swift */; };
		97F3995628C4E12F0044B25D /* Recipe_ingredient.swift in Sources */ = {isa = PBXBuildFile; fileRef = 97F3995428C4E12E0044B25D /* Recipe_ingredient.swift */; };
		97F3995728C4E12F0044B25D /* Recipe_ingredient.swift in Sources */ = {isa = PBXBuildFile; fileRef = 97F3995428C4E12E0044B25D /* Recipe_ingredient.swift */; };
		97F3995928C4EAF70044B25D /* home.swift in Sources */ = {isa = PBXBuildFile; fileRef = 97F3995828C4EAF70044B25D /* home.swift */; };
		97F3995A28C4EAF70044B25D /* home.swift in Sources */ = {isa = PBXBuildFile; fileRef = 97F3995828C4EAF70044B25D /* home.swift */; };
		97F3995B28C4EAF70044B25D /* home.swift in Sources */ = {isa = PBXBuildFile; fileRef = 97F3995828C4EAF70044B25D /* home.swift */; };
/* End PBXBuildFile section */

/* Begin PBXContainerItemProxy section */
		97F3993828C4DCE60044B25D /* PBXContainerItemProxy */ = {
			isa = PBXContainerItemProxy;
			containerPortal = 97F3991F28C4DCE30044B25D /* Project object */;
			proxyType = 1;
			remoteGlobalIDString = 97F3992628C4DCE30044B25D;
			remoteInfo = Recipe;
		};
		97F3994228C4DCE60044B25D /* PBXContainerItemProxy */ = {
			isa = PBXContainerItemProxy;
			containerPortal = 97F3991F28C4DCE30044B25D /* Project object */;
			proxyType = 1;
			remoteGlobalIDString = 97F3992628C4DCE30044B25D;
			remoteInfo = Recipe;
		};
/* End PBXContainerItemProxy section */

/* Begin PBXFileReference section */
		97F3992728C4DCE30044B25D /* Recipe.app */ = {isa = PBXFileReference; explicitFileType = wrapper.application; includeInIndex = 0; path = Recipe.app; sourceTree = BUILT_PRODUCTS_DIR; };
		97F3992A28C4DCE30044B25D /* RecipeApp.swift */ = {isa = PBXFileReference; lastKnownFileType = sourcecode.swift; path = RecipeApp.swift; sourceTree = "<group>"; };
		97F3992C28C4DCE30044B25D /* ContentView.swift */ = {isa = PBXFileReference; lastKnownFileType = sourcecode.swift; path = ContentView.swift; sourceTree = "<group>"; };
		97F3992E28C4DCE60044B25D /* Assets.xcassets */ = {isa = PBXFileReference; lastKnownFileType = folder.assetcatalog; path = Assets.xcassets; sourceTree = "<group>"; };
		97F3993128C4DCE60044B25D /* Preview Assets.xcassets */ = {isa = PBXFileReference; lastKnownFileType = folder.assetcatalog; path = "Preview Assets.xcassets"; sourceTree = "<group>"; };
		97F3993728C4DCE60044B25D /* RecipeTests.xctest */ = {isa = PBXFileReference; explicitFileType = wrapper.cfbundle; includeInIndex = 0; path = RecipeTests.xctest; sourceTree = BUILT_PRODUCTS_DIR; };
		97F3993B28C4DCE60044B25D /* RecipeTests.swift */ = {isa = PBXFileReference; lastKnownFileType = sourcecode.swift; path = RecipeTests.swift; sourceTree = "<group>"; };
		97F3994128C4DCE60044B25D /* RecipeUITests.xctest */ = {isa = PBXFileReference; explicitFileType = wrapper.cfbundle; includeInIndex = 0; path = RecipeUITests.xctest; sourceTree = BUILT_PRODUCTS_DIR; };
		97F3994528C4DCE60044B25D /* RecipeUITests.swift */ = {isa = PBXFileReference; lastKnownFileType = sourcecode.swift; path = RecipeUITests.swift; sourceTree = "<group>"; };
		97F3994728C4DCE60044B25D /* RecipeUITestsLaunchTests.swift */ = {isa = PBXFileReference; lastKnownFileType = sourcecode.swift; path = RecipeUITestsLaunchTests.swift; sourceTree = "<group>"; };
		97F3995428C4E12E0044B25D /* Recipe_ingredient.swift */ = {isa = PBXFileReference; lastKnownFileType = sourcecode.swift; path = Recipe_ingredient.swift; sourceTree = "<group>"; };
		97F3995828C4EAF70044B25D /* home.swift */ = {isa = PBXFileReference; lastKnownFileType = sourcecode.swift; path = home.swift; sourceTree = "<group>"; };
/* End PBXFileReference section */

/* Begin PBXFrameworksBuildPhase section */
		97F3992428C4DCE30044B25D /* Frameworks */ = {
			isa = PBXFrameworksBuildPhase;
			buildActionMask = 2147483647;
			files = (
			);
			runOnlyForDeploymentPostprocessing = 0;
		};
		97F3993428C4DCE60044B25D /* Frameworks */ = {
			isa = PBXFrameworksBuildPhase;
			buildActionMask = 2147483647;
			files = (
			);
			runOnlyForDeploymentPostprocessing = 0;
		};
		97F3993E28C4DCE60044B25D /* Frameworks */ = {
			isa = PBXFrameworksBuildPhase;
			buildActionMask = 2147483647;
			files = (
			);
			runOnlyForDeploymentPostprocessing = 0;
		};
/* End PBXFrameworksBuildPhase section */

/* Begin PBXGroup section */
		97F3991E28C4DCE30044B25D = {
			isa = PBXGroup;
			children = (
				97F3992928C4DCE30044B25D /* Recipe */,
				97F3993A28C4DCE60044B25D /* RecipeTests */,
				97F3994428C4DCE60044B25D /* RecipeUITests */,
				97F3992828C4DCE30044B25D /* Products */,
			);
			sourceTree = "<group>";
		};
		97F3992828C4DCE30044B25D /* Products */ = {
			isa = PBXGroup;
			children = (
				97F3992728C4DCE30044B25D /* Recipe.app */,
				97F3993728C4DCE60044B25D /* RecipeTests.xctest */,
				97F3994128C4DCE60044B25D /* RecipeUITests.xctest */,
			);
			name = Products;
			sourceTree = "<group>";
		};
		97F3992928C4DCE30044B25D /* Recipe */ = {
			isa = PBXGroup;
			children = (
				97F3992A28C4DCE30044B25D /* RecipeApp.swift */,
				97F3992C28C4DCE30044B25D /* ContentView.swift */,
				97F3992E28C4DCE60044B25D /* Assets.xcassets */,
				97F3993028C4DCE60044B25D /* Preview Content */,
				97F3995428C4E12E0044B25D /* Recipe_ingredient.swift */,
				97F3995828C4EAF70044B25D /* home.swift */,
			);
			path = Recipe;
			sourceTree = "<group>";
		};
		97F3993028C4DCE60044B25D /* Preview Content */ = {
			isa = PBXGroup;
			children = (
				97F3993128C4DCE60044B25D /* Preview Assets.xcassets */,
			);
			path = "Preview Content";
			sourceTree = "<group>";
		};
		97F3993A28C4DCE60044B25D /* RecipeTests */ = {
			isa = PBXGroup;
			children = (
				97F3993B28C4DCE60044B25D /* RecipeTests.swift */,
			);
			path = RecipeTests;
			sourceTree = "<group>";
		};
		97F3994428C4DCE60044B25D /* RecipeUITests */ = {
			isa = PBXGroup;
			children = (
				97F3994528C4DCE60044B25D /* RecipeUITests.swift */,
				97F3994728C4DCE60044B25D /* RecipeUITestsLaunchTests.swift */,
			);
			path = RecipeUITests;
			sourceTree = "<group>";
		};
/* End PBXGroup section */

/* Begin PBXNativeTarget section */
		97F3992628C4DCE30044B25D /* Recipe */ = {
			isa = PBXNativeTarget;
			buildConfigurationList = 97F3994B28C4DCE60044B25D /* Build configuration list for PBXNativeTarget "Recipe" */;
			buildPhases = (
				97F3992328C4DCE30044B25D /* Sources */,
				97F3992428C4DCE30044B25D /* Frameworks */,
				97F3992528C4DCE30044B25D /* Resources */,
			);
			buildRules = (
			);
			dependencies = (
			);
			name = Recipe;
			productName = Recipe;
			productReference = 97F3992728C4DCE30044B25D /* Recipe.app */;
			productType = "com.apple.product-type.application";
		};
		97F3993628C4DCE60044B25D /* RecipeTests */ = {
			isa = PBXNativeTarget;
			buildConfigurationList = 97F3994E28C4DCE60044B25D /* Build configuration list for PBXNativeTarget "RecipeTests" */;
			buildPhases = (
				97F3993328C4DCE60044B25D /* Sources */,
				97F3993428C4DCE60044B25D /* Frameworks */,
				97F3993528C4DCE60044B25D /* Resources */,
			);
			buildRules = (
			);
			dependencies = (
				97F3993928C4DCE60044B25D /* PBXTargetDependency */,
			);
			name = RecipeTests;
			productName = RecipeTests;
			productReference = 97F3993728C4DCE60044B25D /* RecipeTests.xctest */;
			productType = "com.apple.product-type.bundle.unit-test";
		};
		97F3994028C4DCE60044B25D /* RecipeUITests */ = {
			isa = PBXNativeTarget;
			buildConfigurationList = 97F3995128C4DCE60044B25D /* Build configuration list for PBXNativeTarget "RecipeUITests" */;
			buildPhases = (
				97F3993D28C4DCE60044B25D /* Sources */,
				97F3993E28C4DCE60044B25D /* Frameworks */,
				97F3993F28C4DCE60044B25D /* Resources */,
			);
			buildRules = (
			);
			dependencies = (
				97F3994328C4DCE60044B25D /* PBXTargetDependency */,
			);
			name = RecipeUITests;
			productName = RecipeUITests;
			productReference = 97F3994128C4DCE60044B25D /* RecipeUITests.xctest */;
			productType = "com.apple.product-type.bundle.ui-testing";
		};
/* End PBXNativeTarget section */

/* Begin PBXProject section */
		97F3991F28C4DCE30044B25D /* Project object */ = {
			isa = PBXProject;
			attributes = {
				BuildIndependentTargetsInParallel = 1;
				LastSwiftUpdateCheck = 1400;
				LastUpgradeCheck = 1400;
				TargetAttributes = {
					97F3992628C4DCE30044B25D = {
						CreatedOnToolsVersion = 14.0;
					};
					97F3993628C4DCE60044B25D = {
						CreatedOnToolsVersion = 14.0;
						TestTargetID = 97F3992628C4DCE30044B25D;
					};
					97F3994028C4DCE60044B25D = {
						CreatedOnToolsVersion = 14.0;
						TestTargetID = 97F3992628C4DCE30044B25D;
					};
				};
			};
			buildConfigurationList = 97F3992228C4DCE30044B25D /* Build configuration list for PBXProject "Recipe" */;
			compatibilityVersion = "Xcode 14.0";
			developmentRegion = en;
			hasScannedForEncodings = 0;
			knownRegions = (
				en,
				Base,
			);
			mainGroup = 97F3991E28C4DCE30044B25D;
			productRefGroup = 97F3992828C4DCE30044B25D /* Products */;
			projectDirPath = "";
			projectRoot = "";
			targets = (
				97F3992628C4DCE30044B25D /* Recipe */,
				97F3993628C4DCE60044B25D /* RecipeTests */,
				97F3994028C4DCE60044B25D /* RecipeUITests */,
			);
		};
/* End PBXProject section */

/* Begin PBXResourcesBuildPhase section */
		97F3992528C4DCE30044B25D /* Resources */ = {
			isa = PBXResourcesBuildPhase;
			buildActionMask = 2147483647;
			files = (
				97F3993228C4DCE60044B25D /* Preview Assets.xcassets in Resources */,
				97F3992F28C4DCE60044B25D /* Assets.xcassets in Resources */,
			);
			runOnlyForDeploymentPostprocessing = 0;
		};
		97F3993528C4DCE60044B25D /* Resources */ = {
			isa = PBXResourcesBuildPhase;
			buildActionMask = 2147483647;
			files = (
			);
			runOnlyForDeploymentPostprocessing = 0;
		};
		97F3993F28C4DCE60044B25D /* Resources */ = {
			isa = PBXResourcesBuildPhase;
			buildActionMask = 2147483647;
			files = (
			);
			runOnlyForDeploymentPostprocessing = 0;
		};
/* End PBXResourcesBuildPhase section */

/* Begin PBXSourcesBuildPhase section */
		97F3992328C4DCE30044B25D /* Sources */ = {
			isa = PBXSourcesBuildPhase;
			buildActionMask = 2147483647;
			files = (
				97F3995528C4E12F0044B25D /* Recipe_ingredient.swift in Sources */,
				97F3992D28C4DCE30044B25D /* ContentView.swift in Sources */,
				97F3995928C4EAF70044B25D /* home.swift in Sources */,
				97F3992B28C4DCE30044B25D /* RecipeApp.swift in Sources */,
			);
			runOnlyForDeploymentPostprocessing = 0;
		};
		97F3993328C4DCE60044B25D /* Sources */ = {
			isa = PBXSourcesBuildPhase;
			buildActionMask = 2147483647;
			files = (
				97F3995A28C4EAF70044B25D /* home.swift in Sources */,
				97F3995628C4E12F0044B25D /* Recipe_ingredient.swift in Sources */,
				97F3993C28C4DCE60044B25D /* RecipeTests.swift in Sources */,
			);
			runOnlyForDeploymentPostprocessing = 0;
		};
		97F3993D28C4DCE60044B25D /* Sources */ = {
			isa = PBXSourcesBuildPhase;
			buildActionMask = 2147483647;
			files = (
				97F3995728C4E12F0044B25D /* Recipe_ingredient.swift in Sources */,
				97F3994828C4DCE60044B25D /* RecipeUITestsLaunchTests.swift in Sources */,
				97F3995B28C4EAF70044B25D /* home.swift in Sources */,
				97F3994628C4DCE60044B25D /* RecipeUITests.swift in Sources */,
			);
			runOnlyForDeploymentPostprocessing = 0;
		};
/* End PBXSourcesBuildPhase section */

/* Begin PBXTargetDependency section */
		97F3993928C4DCE60044B25D /* PBXTargetDependency */ = {
			isa = PBXTargetDependency;
			target = 97F3992628C4DCE30044B25D /* Recipe */;
			targetProxy = 97F3993828C4DCE60044B25D /* PBXContainerItemProxy */;
		};
		97F3994328C4DCE60044B25D /* PBXTargetDependency */ = {
			isa = PBXTargetDependency;
			target = 97F3992628C4DCE30044B25D /* Recipe */;
			targetProxy = 97F3994228C4DCE60044B25D /* PBXContainerItemProxy */;
		};
/* End PBXTargetDependency section */

/* Begin XCBuildConfiguration section */
		97F3994928C4DCE60044B25D /* Debug */ = {
			isa = XCBuildConfiguration;
			buildSettings = {
				ALWAYS_SEARCH_USER_PATHS = NO;
				CLANG_ANALYZER_NONNULL = YES;
				CLANG_ANALYZER_NUMBER_OBJECT_CONVERSION = YES_AGGRESSIVE;
				CLANG_CXX_LANGUAGE_STANDARD = "gnu++20";
				CLANG_ENABLE_MODULES = YES;
				CLANG_ENABLE_OBJC_ARC = YES;
				CLANG_ENABLE_OBJC_WEAK = YES;
				CLANG_WARN_BLOCK_CAPTURE_AUTORELEASING = YES;
				CLANG_WARN_BOOL_CONVERSION = YES;
				CLANG_WARN_COMMA = YES;
				CLANG_WARN_CONSTANT_CONVERSION = YES;
				CLANG_WARN_DEPRECATED_OBJC_IMPLEMENTATIONS = YES;
				CLANG_WARN_DIRECT_OBJC_ISA_USAGE = YES_ERROR;
				CLANG_WARN_DOCUMENTATION_COMMENTS = YES;
				CLANG_WARN_EMPTY_BODY = YES;
				CLANG_WARN_ENUM_CONVERSION = YES;
				CLANG_WARN_INFINITE_RECURSION = YES;
				CLANG_WARN_INT_CONVERSION = YES;
				CLANG_WARN_NON_LITERAL_NULL_CONVERSION = YES;
				CLANG_WARN_OBJC_IMPLICIT_RETAIN_SELF = YES;
				CLANG_WARN_OBJC_LITERAL_CONVERSION = YES;
				CLANG_WARN_OBJC_ROOT_CLASS = YES_ERROR;
				CLANG_WARN_QUOTED_INCLUDE_IN_FRAMEWORK_HEADER = YES;
				CLANG_WARN_RANGE_LOOP_ANALYSIS = YES;
				CLANG_WARN_STRICT_PROTOTYPES = YES;
				CLANG_WARN_SUSPICIOUS_MOVE = YES;
				CLANG_WARN_UNGUARDED_AVAILABILITY = YES_AGGRESSIVE;
				CLANG_WARN_UNREACHABLE_CODE = YES;
				CLANG_WARN__DUPLICATE_METHOD_MATCH = YES;
				COPY_PHASE_STRIP = NO;
				DEBUG_INFORMATION_FORMAT = dwarf;
				ENABLE_STRICT_OBJC_MSGSEND = YES;
				ENABLE_TESTABILITY = YES;
				GCC_C_LANGUAGE_STANDARD = gnu11;
				GCC_DYNAMIC_NO_PIC = NO;
				GCC_NO_COMMON_BLOCKS = YES;
				GCC_OPTIMIZATION_LEVEL = 0;
				GCC_PREPROCESSOR_DEFINITIONS = (
					"DEBUG=1",
					"$(inherited)",
				);
				GCC_WARN_64_TO_32_BIT_CONVERSION = YES;
				GCC_WARN_ABOUT_RETURN_TYPE = YES_ERROR;
				GCC_WARN_UNDECLARED_SELECTOR = YES;
				GCC_WARN_UNINITIALIZED_AUTOS = YES_AGGRESSIVE;
				GCC_WARN_UNUSED_FUNCTION = YES;
				GCC_WARN_UNUSED_VARIABLE = YES;
				IPHONEOS_DEPLOYMENT_TARGET = 16.0;
				MTL_ENABLE_DEBUG_INFO = INCLUDE_SOURCE;
				MTL_FAST_MATH = YES;
				ONLY_ACTIVE_ARCH = YES;
				SDKROOT = iphoneos;
				SWIFT_ACTIVE_COMPILATION_CONDITIONS = DEBUG;
				SWIFT_OPTIMIZATION_LEVEL = "-Onone";
			};
			name = Debug;
		};
		97F3994A28C4DCE60044B25D /* Release */ = {
			isa = XCBuildConfiguration;
			buildSettings = {
				ALWAYS_SEARCH_USER_PATHS = NO;
				CLANG_ANALYZER_NONNULL = YES;
				CLANG_ANALYZER_NUMBER_OBJECT_CONVERSION = YES_AGGRESSIVE;
				CLANG_CXX_LANGUAGE_STANDARD = "gnu++20";
				CLANG_ENABLE_MODULES = YES;
				CLANG_ENABLE_OBJC_ARC = YES;
				CLANG_ENABLE_OBJC_WEAK = YES;
				CLANG_WARN_BLOCK_CAPTURE_AUTORELEASING = YES;
				CLANG_WARN_BOOL_CONVERSION = YES;
				CLANG_WARN_COMMA = YES;
				CLANG_WARN_CONSTANT_CONVERSION = YES;
				CLANG_WARN_DEPRECATED_OBJC_IMPLEMENTATIONS = YES;
				CLANG_WARN_DIRECT_OBJC_ISA_USAGE = YES_ERROR;
				CLANG_WARN_DOCUMENTATION_COMMENTS = YES;
				CLANG_WARN_EMPTY_BODY = YES;
				CLANG_WARN_ENUM_CONVERSION = YES;
				CLANG_WARN_INFINITE_RECURSION = YES;
				CLANG_WARN_INT_CONVERSION = YES;
				CLANG_WARN_NON_LITERAL_NULL_CONVERSION = YES;
				CLANG_WARN_OBJC_IMPLICIT_RETAIN_SELF = YES;
				CLANG_WARN_OBJC_LITERAL_CONVERSION = YES;
				CLANG_WARN_OBJC_ROOT_CLASS = YES_ERROR;
				CLANG_WARN_QUOTED_INCLUDE_IN_FRAMEWORK_HEADER = YES;
				CLANG_WARN_RANGE_LOOP_ANALYSIS = YES;
				CLANG_WARN_STRICT_PROTOTYPES = YES;
				CLANG_WARN_SUSPICIOUS_MOVE = YES;
				CLANG_WARN_UNGUARDED_AVAILABILITY = YES_AGGRESSIVE;
				CLANG_WARN_UNREACHABLE_CODE = YES;
				CLANG_WARN__DUPLICATE_METHOD_MATCH = YES;
				COPY_PHASE_STRIP = NO;
				DEBUG_INFORMATION_FORMAT = "dwarf-with-dsym";
				ENABLE_NS_ASSERTIONS = NO;
				ENABLE_STRICT_OBJC_MSGSEND = YES;
				GCC_C_LANGUAGE_STANDARD = gnu11;
				GCC_NO_COMMON_BLOCKS = YES;
				GCC_WARN_64_TO_32_BIT_CONVERSION = YES;
				GCC_WARN_ABOUT_RETURN_TYPE = YES_ERROR;
				GCC_WARN_UNDECLARED_SELECTOR = YES;
				GCC_WARN_UNINITIALIZED_AUTOS = YES_AGGRESSIVE;
				GCC_WARN_UNUSED_FUNCTION = YES;
				GCC_WARN_UNUSED_VARIABLE = YES;
				IPHONEOS_DEPLOYMENT_TARGET = 16.0;
				MTL_ENABLE_DEBUG_INFO = NO;
				MTL_FAST_MATH = YES;
				SDKROOT = iphoneos;
				SWIFT_COMPILATION_MODE = wholemodule;
				SWIFT_OPTIMIZATION_LEVEL = "-O";
				VALIDATE_PRODUCT = YES;
			};
			name = Release;
		};
		97F3994C28C4DCE60044B25D /* Debug */ = {
			isa = XCBuildConfiguration;
			buildSettings = {
				ASSETCATALOG_COMPILER_APPICON_NAME = AppIcon;
				ASSETCATALOG_COMPILER_GLOBAL_ACCENT_COLOR_NAME = AccentColor;
				CODE_SIGN_STYLE = Automatic;
				CURRENT_PROJECT_VERSION = 1;
				DEVELOPMENT_ASSET_PATHS = "\"Recipe/Preview Content\"";
				ENABLE_PREVIEWS = YES;
				GENERATE_INFOPLIST_FILE = YES;
				INFOPLIST_KEY_UIApplicationSceneManifest_Generation = YES;
				INFOPLIST_KEY_UIApplicationSupportsIndirectInputEvents = YES;
				INFOPLIST_KEY_UILaunchScreen_Generation = YES;
				INFOPLIST_KEY_UISupportedInterfaceOrientations_iPad = "UIInterfaceOrientationPortrait UIInterfaceOrientationPortraitUpsideDown UIInterfaceOrientationLandscapeLeft UIInterfaceOrientationLandscapeRight";
				INFOPLIST_KEY_UISupportedInterfaceOrientations_iPhone = "UIInterfaceOrientationPortrait UIInterfaceOrientationLandscapeLeft UIInterfaceOrientationLandscapeRight";
				LD_RUNPATH_SEARCH_PATHS = (
					"$(inherited)",
					"@executable_path/Frameworks",
				);
				MARKETING_VERSION = 1.0;
				PRODUCT_BUNDLE_IDENTIFIER = ravin.Recipe;
				PRODUCT_NAME = "$(TARGET_NAME)";
				SWIFT_EMIT_LOC_STRINGS = YES;
				SWIFT_VERSION = 5.0;
				TARGETED_DEVICE_FAMILY = "1,2";
			};
			name = Debug;
		};
		97F3994D28C4DCE60044B25D /* Release */ = {
			isa = XCBuildConfiguration;
			buildSettings = {
				ASSETCATALOG_COMPILER_APPICON_NAME = AppIcon;
				ASSETCATALOG_COMPILER_GLOBAL_ACCENT_COLOR_NAME = AccentColor;
				CODE_SIGN_STYLE = Automatic;
				CURRENT_PROJECT_VERSION = 1;
				DEVELOPMENT_ASSET_PATHS = "\"Recipe/Preview Content\"";
				ENABLE_PREVIEWS = YES;
				GENERATE_INFOPLIST_FILE = YES;
				INFOPLIST_KEY_UIApplicationSceneManifest_Generation = YES;
				INFOPLIST_KEY_UIApplicationSupportsIndirectInputEvents = YES;
				INFOPLIST_KEY_UILaunchScreen_Generation = YES;
				INFOPLIST_KEY_UISupportedInterfaceOrientations_iPad = "UIInterfaceOrientationPortrait UIInterfaceOrientationPortraitUpsideDown UIInterfaceOrientationLandscapeLeft UIInterfaceOrientationLandscapeRight";
				INFOPLIST_KEY_UISupportedInterfaceOrientations_iPhone = "UIInterfaceOrientationPortrait UIInterfaceOrientationLandscapeLeft UIInterfaceOrientationLandscapeRight";
				LD_RUNPATH_SEARCH_PATHS = (
					"$(inherited)",
					"@executable_path/Frameworks",
				);
				MARKETING_VERSION = 1.0;
				PRODUCT_BUNDLE_IDENTIFIER = ravin.Recipe;
				PRODUCT_NAME = "$(TARGET_NAME)";
				SWIFT_EMIT_LOC_STRINGS = YES;
				SWIFT_VERSION = 5.0;
				TARGETED_DEVICE_FAMILY = "1,2";
			};
			name = Release;
		};
		97F3994F28C4DCE60044B25D /* Debug */ = {
			isa = XCBuildConfiguration;
			buildSettings = {
				ALWAYS_EMBED_SWIFT_STANDARD_LIBRARIES = YES;
				BUNDLE_LOADER = "$(TEST_HOST)";
				CODE_SIGN_STYLE = Automatic;
				CURRENT_PROJECT_VERSION = 1;
				GENERATE_INFOPLIST_FILE = YES;
				IPHONEOS_DEPLOYMENT_TARGET = 16.0;
				MARKETING_VERSION = 1.0;
				PRODUCT_BUNDLE_IDENTIFIER = ravin.RecipeTests;
				PRODUCT_NAME = "$(TARGET_NAME)";
				SWIFT_EMIT_LOC_STRINGS = NO;
				SWIFT_VERSION = 5.0;
				TARGETED_DEVICE_FAMILY = "1,2";
				TEST_HOST = "$(BUILT_PRODUCTS_DIR)/Recipe.app/$(BUNDLE_EXECUTABLE_FOLDER_PATH)/Recipe";
			};
			name = Debug;
		};
		97F3995028C4DCE60044B25D /* Release */ = {
			isa = XCBuildConfiguration;
			buildSettings = {
				ALWAYS_EMBED_SWIFT_STANDARD_LIBRARIES = YES;
				BUNDLE_LOADER = "$(TEST_HOST)";
				CODE_SIGN_STYLE = Automatic;
				CURRENT_PROJECT_VERSION = 1;
				GENERATE_INFOPLIST_FILE = YES;
				IPHONEOS_DEPLOYMENT_TARGET = 16.0;
				MARKETING_VERSION = 1.0;
				PRODUCT_BUNDLE_IDENTIFIER = ravin.RecipeTests;
				PRODUCT_NAME = "$(TARGET_NAME)";
				SWIFT_EMIT_LOC_STRINGS = NO;
				SWIFT_VERSION = 5.0;
				TARGETED_DEVICE_FAMILY = "1,2";
				TEST_HOST = "$(BUILT_PRODUCTS_DIR)/Recipe.app/$(BUNDLE_EXECUTABLE_FOLDER_PATH)/Recipe";
			};
			name = Release;
		};
		97F3995228C4DCE60044B25D /* Debug */ = {
			isa = XCBuildConfiguration;
			buildSettings = {
				ALWAYS_EMBED_SWIFT_STANDARD_LIBRARIES = YES;
				CODE_SIGN_STYLE = Automatic;
				CURRENT_PROJECT_VERSION = 1;
				GENERATE_INFOPLIST_FILE = YES;
				MARKETING_VERSION = 1.0;
				PRODUCT_BUNDLE_IDENTIFIER = ravin.RecipeUITests;
				PRODUCT_NAME = "$(TARGET_NAME)";
				SWIFT_EMIT_LOC_STRINGS = NO;
				SWIFT_VERSION = 5.0;
				TARGETED_DEVICE_FAMILY = "1,2";
				TEST_TARGET_NAME = Recipe;
			};
			name = Debug;
		};
		97F3995328C4DCE60044B25D /* Release */ = {
			isa = XCBuildConfiguration;
			buildSettings = {
				ALWAYS_EMBED_SWIFT_STANDARD_LIBRARIES = YES;
				CODE_SIGN_STYLE = Automatic;
				CURRENT_PROJECT_VERSION = 1;
				GENERATE_INFOPLIST_FILE = YES;
				MARKETING_VERSION = 1.0;
				PRODUCT_BUNDLE_IDENTIFIER = ravin.RecipeUITests;
				PRODUCT_NAME = "$(TARGET_NAME)";
				SWIFT_EMIT_LOC_STRINGS = NO;
				SWIFT_VERSION = 5.0;
				TARGETED_DEVICE_FAMILY = "1,2";
				TEST_TARGET_NAME = Recipe;
			};
			name = Release;
		};
/* End XCBuildConfiguration section */

/* Begin XCConfigurationList section */
		97F3992228C4DCE30044B25D /* Build configuration list for PBXProject "Recipe" */ = {
			isa = XCConfigurationList;
			buildConfigurations = (
				97F3994928C4DCE60044B25D /* Debug */,
				97F3994A28C4DCE60044B25D /* Release */,
			);
			defaultConfigurationIsVisible = 0;
			defaultConfigurationName = Release;
		};
		97F3994B28C4DCE60044B25D /* Build configuration list for PBXNativeTarget "Recipe" */ = {
			isa = XCConfigurationList;
			buildConfigurations = (
				97F3994C28C4DCE60044B25D /* Debug */,
				97F3994D28C4DCE60044B25D /* Release */,
			);
			defaultConfigurationIsVisible = 0;
			defaultConfigurationName = Release;
		};
		97F3994E28C4DCE60044B25D /* Build configuration list for PBXNativeTarget "RecipeTests" */ = {
			isa = XCConfigurationList;
			buildConfigurations = (
				97F3994F28C4DCE60044B25D /* Debug */,
				97F3995028C4DCE60044B25D /* Release */,
			);
			defaultConfigurationIsVisible = 0;
			defaultConfigurationName = Release;
		};
		97F3995128C4DCE60044B25D /* Build configuration list for PBXNativeTarget "RecipeUITests" */ = {
			isa = XCConfigurationList;
			buildConfigurations = (
				97F3995228C4DCE60044B25D /* Debug */,
				97F3995328C4DCE60044B25D /* Release */,
			);
			defaultConfigurationIsVisible = 0;
			defaultConfigurationName = Release;
		};
/* End XCConfigurationList section */
	};
	rootObject = 97F3991F28C4DCE30044B25D /* Project object */;
}
